
Microsoft Visual Studio Solution File, Format Version 12.00
# Visual Studio Version 17
VisualStudioVersion = 17.7.34221.43
MinimumVisualStudioVersion = 10.0.40219.1
Project("{8BC9CEB8-8B4A-11D0-8D11-00A0C91BC942}") = "Проверка git Extensions", "Проверка git Extensions\Проверка git Extensions.vcxproj", "{6B35BB59-40A1-4110-A556-0B8CE432BBEC}"
EndProject
Global
	GlobalSection(SolutionConfigurationPlatforms) = preSolution
		Debug|x64 = Debug|x64
		Debug|x86 = Debug|x86
		Release|x64 = Release|x64
		Release|x86 = Release|x86
	EndGlobalSection
	GlobalSection(ProjectConfigurationPlatforms) = postSolution
		{6B35BB59-40A1-4110-A556-0B8CE432BBEC}.Debug|x64.ActiveCfg = Debug|x64
		{6B35BB59-40A1-4110-A556-0B8CE432BBEC}.Debug|x64.Build.0 = Debug|x64
		{6B35BB59-40A1-4110-A556-0B8CE432BBEC}.Debug|x86.ActiveCfg = Debug|Win32
		{6B35BB59-40A1-4110-A556-0B8CE432BBEC}.Debug|x86.Build.0 = Debug|Win32
		{6B35BB59-40A1-4110-A556-0B8CE432BBEC}.Release|x64.ActiveCfg = Release|x64
		{6B35BB59-40A1-4110-A556-0B8CE432BBEC}.Release|x64.Build.0 = Release|x64
		{6B35BB59-40A1-4110-A556-0B8CE432BBEC}.Release|x86.ActiveCfg = Release|Win32
		{6B35BB59-40A1-4110-A556-0B8CE432BBEC}.Release|x86.Build.0 = Release|Win32
	EndGlobalSection
	GlobalSection(SolutionProperties) = preSolution
		HideSolutionNode = FALSE
	EndGlobalSection
	GlobalSection(ExtensibilityGlobals) = postSolution
		SolutionGuid = {B46A24C6-F961-4D3C-931C-A5001A71DA39}
	EndGlobalSection
EndGlobal
